
Microsoft Visual Studio Solution File, Format Version 12.00
# Visual Studio 2012
Project("{888888A0-9F3D-457C-B088-3A5042F75D52}") = "rbm", "rbm\rbm.pyproj", "{0FB3D3EE-47B3-4CAA-9660-96962C950C41}"
EndProject
Project("{888888A0-9F3D-457C-B088-3A5042F75D52}") = "apps", "apps\apps.pyproj", "{EEC4408A-B3AB-4B7D-861A-2E07578BB29D}"
EndProject
Project("{888888A0-9F3D-457C-B088-3A5042F75D52}") = "common", "common\common.pyproj", "{87D4701A-770D-4AF0-BD0B-15FEECDEF7F3}"
EndProject
Project("{888888A0-9F3D-457C-B088-3A5042F75D52}") = "test", "test\test.pyproj", "{32F574B4-3AF4-4BEA-8759-6B0796C8B61C}"
EndProject
Global
	GlobalSection(SolutionConfigurationPlatforms) = preSolution
		Debug|Any CPU = Debug|Any CPU
		Release|Any CPU = Release|Any CPU
	EndGlobalSection
	GlobalSection(ProjectConfigurationPlatforms) = postSolution
		{0FB3D3EE-47B3-4CAA-9660-96962C950C41}.Debug|Any CPU.ActiveCfg = Debug|Any CPU
		{0FB3D3EE-47B3-4CAA-9660-96962C950C41}.Release|Any CPU.ActiveCfg = Release|Any CPU
		{EEC4408A-B3AB-4B7D-861A-2E07578BB29D}.Debug|Any CPU.ActiveCfg = Debug|Any CPU
		{EEC4408A-B3AB-4B7D-861A-2E07578BB29D}.Release|Any CPU.ActiveCfg = Release|Any CPU
		{87D4701A-770D-4AF0-BD0B-15FEECDEF7F3}.Debug|Any CPU.ActiveCfg = Debug|Any CPU
		{87D4701A-770D-4AF0-BD0B-15FEECDEF7F3}.Release|Any CPU.ActiveCfg = Release|Any CPU
		{32F574B4-3AF4-4BEA-8759-6B0796C8B61C}.Debug|Any CPU.ActiveCfg = Debug|Any CPU
		{32F574B4-3AF4-4BEA-8759-6B0796C8B61C}.Release|Any CPU.ActiveCfg = Release|Any CPU
	EndGlobalSection
	GlobalSection(SolutionProperties) = preSolution
		HideSolutionNode = FALSE
	EndGlobalSection
EndGlobal
